
Microsoft Visual Studio Solution File, Format Version 12.00
# Visual Studio Version 16
VisualStudioVersion = 16.0.30204.135
MinimumVisualStudioVersion = 10.0.40219.1
Project("{FAE04EC0-301F-11D3-BF4B-00C04F79EFBC}") = "day4", "day4.csproj", "{DDFCA948-2164-4ECF-A9B3-620BE325793F}"
EndProject
Global
	GlobalSection(SolutionConfigurationPlatforms) = preSolution
		Debug|Any CPU = Debug|Any CPU
		Release|Any CPU = Release|Any CPU
	EndGlobalSection
	GlobalSection(ProjectConfigurationPlatforms) = postSolution
		{DDFCA948-2164-4ECF-A9B3-620BE325793F}.Debug|Any CPU.ActiveCfg = Debug|Any CPU
		{DDFCA948-2164-4ECF-A9B3-620BE325793F}.Debug|Any CPU.Build.0 = Debug|Any CPU
		{DDFCA948-2164-4ECF-A9B3-620BE325793F}.Release|Any CPU.ActiveCfg = Release|Any CPU
		{DDFCA948-2164-4ECF-A9B3-620BE325793F}.Release|Any CPU.Build.0 = Release|Any CPU
	EndGlobalSection
	GlobalSection(SolutionProperties) = preSolution
		HideSolutionNode = FALSE
	EndGlobalSection
	GlobalSection(ExtensibilityGlobals) = postSolution
		SolutionGuid = {986597AD-F5A8-4F5B-A6FB-CBD11FA35BA6}
	EndGlobalSection
EndGlobal
